<Solution>
  <Folder Name="/Solution Items/">
    <File Path="../../Backend/HangmanGame/.gitignore" />
  </Folder>
  <Project Path="../../Backend/HangmanGame/HangmanGameBusiness/HangmanGameBusiness.csproj" Id="dc89075c-dda2-493a-ab10-3715e931a97c" />
  <Project Path="../../Backend/HangmanGame/HangmanGameData/HangmanGameData.csproj" Id="e7cbf42e-58b1-469e-a8af-3f8efab649e3" />
  <Project Path="../../Backend/HangmanGame/HangmanGameEntities/HangmanGameEntities.csproj" Id="912f1b83-c6c1-4acc-b92d-af4ba6650486" />
  <Project Path="../../Backend/HangmanGame/HangmanGameServices/HangmanGameServices.csproj" Id="ff17d729-db5a-4fa5-a052-b6ea810d8a34" />
  <Project Path="../../HangmanGameUI/HangmanGameWPF/HangmanGameWPF.csproj" Id="5c9867d0-a3a6-48e6-9b28-1a95dafb0391" />
</Solution>
